// !$*UTF8*$!
{
	archiveVersion = 1;
	classes = {
	};
	objectVersion = 60;
	objects = {

/* Begin PBXBuildFile section */
		A10000000000000000000001 /* LinkScopeApp.swift in Sources */ = {isa = PBXBuildFile; fileRef = A20000000000000000000001 /* LinkScopeApp.swift */; };
		A10000000000000000000002 /* InfoPlist.strings in Resources */ = {isa = PBXBuildFile; fileRef = A70000000000000000000001 /* InfoPlist.strings */; };
		A10000000000000000000003 /* LinkScopeCore in Frameworks */ = {isa = PBXBuildFile; productRef = A80000000000000000000001 /* LinkScopeCore */; };
		A10000000000000000000004 /* LinkScopeUI in Frameworks */ = {isa = PBXBuildFile; productRef = A80000000000000000000002 /* LinkScopeUI */; };
		A10000000000000000000005 /* LinkScopeLiteApp.swift in Sources */ = {isa = PBXBuildFile; fileRef = A20000000000000000000003 /* LinkScopeLiteApp.swift */; };
		A10000000000000000000006 /* InfoPlist.strings in Resources */ = {isa = PBXBuildFile; fileRef = A70000000000000000000002 /* InfoPlist.strings */; };
		A10000000000000000000007 /* LinkScopeCore in Frameworks */ = {isa = PBXBuildFile; productRef = A80000000000000000000003 /* LinkScopeCore */; };
		A10000000000000000000008 /* LinkScopeUI in Frameworks */ = {isa = PBXBuildFile; productRef = A80000000000000000000004 /* LinkScopeUI */; };
		A1E84098303456DA009F2E43 /* LinkScope.icon in Resources */ = {isa = PBXBuildFile; fileRef = A1E84097303456DA009F2E43 /* LinkScope.icon */; };
		A1E84099303456DA009F2E43 /* LinkScope.icon in Resources */ = {isa = PBXBuildFile; fileRef = A1E84097303456DA009F2E43 /* LinkScope.icon */; };
		A1E8409B30345972009F2E43 /* PrivacyInfo.xcprivacy in Resources */ = {isa = PBXBuildFile; fileRef = A1E8409A30345972009F2E43 /* PrivacyInfo.xcprivacy */; };
/* End PBXBuildFile section */

/* Begin PBXFileReference section */
		A1E84097303456DA009F2E43 /* LinkScope.icon */ = {isa = PBXFileReference; lastKnownFileType = folder.iconcomposer.icon; path = LinkScope.icon; sourceTree = "<group>"; };
		A1E8409A30345972009F2E43 /* PrivacyInfo.xcprivacy */ = {isa = PBXFileReference; lastKnownFileType = text.xml; path = PrivacyInfo.xcprivacy; sourceTree = "<group>"; };
		A20000000000000000000001 /* LinkScopeApp.swift */ = {isa = PBXFileReference; lastKnownFileType = sourcecode.swift; path = LinkScopeApp.swift; sourceTree = "<group>"; };
		A20000000000000000000002 /* LinkScope.entitlements */ = {isa = PBXFileReference; lastKnownFileType = text.plist.entitlements; path = LinkScope.entitlements; sourceTree = "<group>"; };
		A20000000000000000000003 /* LinkScopeLiteApp.swift */ = {isa = PBXFileReference; lastKnownFileType = sourcecode.swift; path = LinkScopeLiteApp.swift; sourceTree = "<group>"; };
		A20000000000000000000004 /* LinkScopeLite.entitlements */ = {isa = PBXFileReference; lastKnownFileType = text.plist.entitlements; path = LinkScopeLite.entitlements; sourceTree = "<group>"; };
		A20000000000000000000005 /* LinkScope.app */ = {isa = PBXFileReference; explicitFileType = wrapper.application; includeInIndex = 0; path = LinkScope.app; sourceTree = BUILT_PRODUCTS_DIR; };
		A20000000000000000000006 /* LinkScope Lite.app */ = {isa = PBXFileReference; explicitFileType = wrapper.application; includeInIndex = 0; path = "LinkScope Lite.app"; sourceTree = BUILT_PRODUCTS_DIR; };
		A20000000000000000000007 /* en */ = {isa = PBXFileReference; lastKnownFileType = text.plist.strings; name = en; path = en.lproj/InfoPlist.strings; sourceTree = "<group>"; };
		A20000000000000000000008 /* zh-Hans */ = {isa = PBXFileReference; lastKnownFileType = text.plist.strings; name = "zh-Hans"; path = "zh-Hans.lproj/InfoPlist.strings"; sourceTree = "<group>"; };
		A20000000000000000000009 /* en */ = {isa = PBXFileReference; lastKnownFileType = text.plist.strings; name = en; path = en.lproj/InfoPlist.strings; sourceTree = "<group>"; };
		A2000000000000000000000A /* zh-Hans */ = {isa = PBXFileReference; lastKnownFileType = text.plist.strings; name = "zh-Hans"; path = "zh-Hans.lproj/InfoPlist.strings"; sourceTree = "<group>"; };
/* End PBXFileReference section */

/* Begin PBXFrameworksBuildPhase section */
		A30000000000000000000001 /* Frameworks */ = {
			isa = PBXFrameworksBuildPhase;
			buildActionMask = 2147483647;
			files = (
				A10000000000000000000003 /* LinkScopeCore in Frameworks */,
				A10000000000000000000004 /* LinkScopeUI in Frameworks */,
			);
			runOnlyForDeploymentPostprocessing = 0;
		};
		A30000000000000000000002 /* Frameworks */ = {
			isa = PBXFrameworksBuildPhase;
			buildActionMask = 2147483647;
			files = (
				A10000000000000000000007 /* LinkScopeCore in Frameworks */,
				A10000000000000000000008 /* LinkScopeUI in Frameworks */,
			);
			runOnlyForDeploymentPostprocessing = 0;
		};
/* End PBXFrameworksBuildPhase section */

/* Begin PBXGroup section */
		A40000000000000000000001 = {
			isa = PBXGroup;
			children = (
				A1E84097303456DA009F2E43 /* LinkScope.icon */,
				A40000000000000000000002 /* Apps */,
				A40000000000000000000005 /* Packages */,
				A40000000000000000000006 /* Products */,
			);
			sourceTree = "<group>";
		};
		A40000000000000000000002 /* Apps */ = {
			isa = PBXGroup;
			children = (
				A40000000000000000000003 /* LinkScope */,
				A40000000000000000000004 /* LinkScopeLite */,
			);
			path = Apps;
			sourceTree = "<group>";
		};
		A40000000000000000000003 /* LinkScope */ = {
			isa = PBXGroup;
			children = (
				A20000000000000000000001 /* LinkScopeApp.swift */,
				A20000000000000000000002 /* LinkScope.entitlements */,
				A70000000000000000000001 /* InfoPlist.strings */,
			);
			path = LinkScope;
			sourceTree = "<group>";
		};
		A40000000000000000000004 /* LinkScopeLite */ = {
			isa = PBXGroup;
			children = (
				A20000000000000000000003 /* LinkScopeLiteApp.swift */,
				A20000000000000000000004 /* LinkScopeLite.entitlements */,
				A70000000000000000000002 /* InfoPlist.strings */,
				A1E8409A30345972009F2E43 /* PrivacyInfo.xcprivacy */,
			);
			path = LinkScopeLite;
			sourceTree = "<group>";
		};
		A40000000000000000000005 /* Packages */ = {
			isa = PBXGroup;
			children = (
			);
			name = Packages;
			sourceTree = "<group>";
		};
		A40000000000000000000006 /* Products */ = {
			isa = PBXGroup;
			children = (
				A20000000000000000000005 /* LinkScope.app */,
				A20000000000000000000006 /* LinkScope Lite.app */,
			);
			name = Products;
			sourceTree = "<group>";
		};
/* End PBXGroup section */

/* Begin PBXNativeTarget section */
		A50000000000000000000001 /* LinkScope */ = {
			isa = PBXNativeTarget;
			buildConfigurationList = A90000000000000000000002 /* Build configuration list for PBXNativeTarget "LinkScope" */;
			buildPhases = (
				A60000000000000000000001 /* Sources */,
				A30000000000000000000001 /* Frameworks */,
				A60000000000000000000003 /* Resources */,
			);
			buildRules = (
			);
			dependencies = (
			);
			name = LinkScope;
			packageProductDependencies = (
				A80000000000000000000001 /* LinkScopeCore */,
				A80000000000000000000002 /* LinkScopeUI */,
			);
			productName = LinkScope;
			productReference = A20000000000000000000005 /* LinkScope.app */;
			productType = "com.apple.product-type.application";
		};
		A50000000000000000000002 /* LinkScope Lite */ = {
			isa = PBXNativeTarget;
			buildConfigurationList = A90000000000000000000003 /* Build configuration list for PBXNativeTarget "LinkScope Lite" */;
			buildPhases = (
				A60000000000000000000002 /* Sources */,
				A30000000000000000000002 /* Frameworks */,
				A60000000000000000000004 /* Resources */,
			);
			buildRules = (
			);
			dependencies = (
			);
			name = "LinkScope Lite";
			packageProductDependencies = (
				A80000000000000000000003 /* LinkScopeCore */,
				A80000000000000000000004 /* LinkScopeUI */,
			);
			productName = "LinkScope Lite";
			productReference = A20000000000000000000006 /* LinkScope Lite.app */;
			productType = "com.apple.product-type.application";
		};
/* End PBXNativeTarget section */

/* Begin PBXProject section */
		A00000000000000000000001 /* Project object */ = {
			isa = PBXProject;
			attributes = {
				BuildIndependentTargetsInParallel = 1;
				LastSwiftUpdateCheck = 2700;
				LastUpgradeCheck = 2700;
				ORGANIZATIONNAME = "JASON Studio";
				TargetAttributes = {
					A50000000000000000000001 = {
						CreatedOnToolsVersion = 27.0;
					};
					A50000000000000000000002 = {
						CreatedOnToolsVersion = 27.0;
					};
				};
			};
			buildConfigurationList = A90000000000000000000001 /* Build configuration list for PBXProject "LinkScope" */;
			compatibilityVersion = "Xcode 15.0";
			developmentRegion = en;
			hasScannedForEncodings = 0;
			knownRegions = (
				en,
				Base,
				"zh-Hans",
			);
			mainGroup = A40000000000000000000001;
			packageReferences = (
				AB0000000000000000000001 /* XCLocalSwiftPackageReference "Packages/LinkScopeKit" */,
			);
			productRefGroup = A40000000000000000000006 /* Products */;
			projectDirPath = "";
			projectRoot = "";
			targets = (
				A50000000000000000000001 /* LinkScope */,
				A50000000000000000000002 /* LinkScope Lite */,
			);
		};
/* End PBXProject section */

/* Begin PBXResourcesBuildPhase section */
		A60000000000000000000003 /* Resources */ = {
			isa = PBXResourcesBuildPhase;
			buildActionMask = 2147483647;
			files = (
				A1E84098303456DA009F2E43 /* LinkScope.icon in Resources */,
				A10000000000000000000002 /* InfoPlist.strings in Resources */,
			);
			runOnlyForDeploymentPostprocessing = 0;
		};
		A60000000000000000000004 /* Resources */ = {
			isa = PBXResourcesBuildPhase;
			buildActionMask = 2147483647;
			files = (
				A1E8409B30345972009F2E43 /* PrivacyInfo.xcprivacy in Resources */,
				A1E84099303456DA009F2E43 /* LinkScope.icon in Resources */,
				A10000000000000000000006 /* InfoPlist.strings in Resources */,
			);
			runOnlyForDeploymentPostprocessing = 0;
		};
/* End PBXResourcesBuildPhase section */

/* Begin PBXSourcesBuildPhase section */
		A60000000000000000000001 /* Sources */ = {
			isa = PBXSourcesBuildPhase;
			buildActionMask = 2147483647;
			files = (
				A10000000000000000000001 /* LinkScopeApp.swift in Sources */,
			);
			runOnlyForDeploymentPostprocessing = 0;
		};
		A60000000000000000000002 /* Sources */ = {
			isa = PBXSourcesBuildPhase;
			buildActionMask = 2147483647;
			files = (
				A10000000000000000000005 /* LinkScopeLiteApp.swift in Sources */,
			);
			runOnlyForDeploymentPostprocessing = 0;
		};
/* End PBXSourcesBuildPhase section */

/* Begin PBXVariantGroup section */
		A70000000000000000000001 /* InfoPlist.strings */ = {
			isa = PBXVariantGroup;
			children = (
				A20000000000000000000007 /* en */,
				A20000000000000000000008 /* zh-Hans */,
			);
			name = InfoPlist.strings;
			sourceTree = "<group>";
		};
		A70000000000000000000002 /* InfoPlist.strings */ = {
			isa = PBXVariantGroup;
			children = (
				A20000000000000000000009 /* en */,
				A2000000000000000000000A /* zh-Hans */,
			);
			name = InfoPlist.strings;
			sourceTree = "<group>";
		};
/* End PBXVariantGroup section */

/* Begin XCBuildConfiguration section */
		AA0000000000000000000001 /* Debug */ = {
			isa = XCBuildConfiguration;
			buildSettings = {
				ALWAYS_SEARCH_USER_PATHS = NO;
				CLANG_ENABLE_MODULES = YES;
				CLANG_ENABLE_OBJC_ARC = YES;
				COPY_PHASE_STRIP = NO;
				CURRENT_PROJECT_VERSION = 8;
				DEBUG_INFORMATION_FORMAT = dwarf;
				ENABLE_TESTABILITY = YES;
				GCC_C_LANGUAGE_STANDARD = gnu17;
				GCC_OPTIMIZATION_LEVEL = 0;
				MACOSX_DEPLOYMENT_TARGET = 15.0;
				MARKETING_VERSION = 1.3.0;
				ONLY_ACTIVE_ARCH = YES;
				SDKROOT = macosx;
				SWIFT_ACTIVE_COMPILATION_CONDITIONS = "DEBUG $(inherited)";
				SWIFT_OPTIMIZATION_LEVEL = "-Onone";
				SWIFT_VERSION = 6.0;
				VERSIONING_SYSTEM = "apple-generic";
			};
			name = Debug;
		};
		AA0000000000000000000002 /* Release */ = {
			isa = XCBuildConfiguration;
			buildSettings = {
				ALWAYS_SEARCH_USER_PATHS = NO;
				CLANG_ENABLE_MODULES = YES;
				CLANG_ENABLE_OBJC_ARC = YES;
				COPY_PHASE_STRIP = NO;
				CURRENT_PROJECT_VERSION = 8;
				DEBUG_INFORMATION_FORMAT = "dwarf-with-dsym";
				ENABLE_NS_ASSERTIONS = NO;
				GCC_C_LANGUAGE_STANDARD = gnu17;
				MACOSX_DEPLOYMENT_TARGET = 15.0;
				MARKETING_VERSION = 1.3.0;
				SDKROOT = macosx;
				SWIFT_COMPILATION_MODE = wholemodule;
				SWIFT_OPTIMIZATION_LEVEL = "-O";
				SWIFT_VERSION = 6.0;
				VERSIONING_SYSTEM = "apple-generic";
			};
			name = Release;
		};
		AA0000000000000000000003 /* Debug */ = {
			isa = XCBuildConfiguration;
			buildSettings = {
				ASSETCATALOG_COMPILER_APPICON_NAME = LinkScope;
				CODE_SIGN_ENTITLEMENTS = Apps/LinkScope/LinkScope.entitlements;
				CODE_SIGN_IDENTITY = "Apple Development";
				CODE_SIGN_STYLE = Automatic;
				COMBINE_HIDPI_IMAGES = YES;
				DEVELOPMENT_TEAM = WBU2AFY549;
				ENABLE_HARDENED_RUNTIME = YES;
				GENERATE_INFOPLIST_FILE = YES;
				INFOPLIST_KEY_CFBundleDisplayName = "LinkScope DEBUG";
				INFOPLIST_KEY_LSApplicationCategoryType = "public.app-category.utilities";
				INFOPLIST_KEY_NSBluetoothAlwaysUsageDescription = "LinkScope reads Bluetooth accessory state and parameters without controlling the accessory.";
				PRODUCT_BUNDLE_IDENTIFIER = cc.jasonstu.linkscope;
				PRODUCT_NAME = "$(TARGET_NAME)";
				SWIFT_ACTIVE_COMPILATION_CONDITIONS = "$(inherited) LINKSCOPE_FULL";
				SWIFT_EMIT_LOC_STRINGS = YES;
				SWIFT_STRICT_CONCURRENCY = complete;
			};
			name = Debug;
		};
		AA0000000000000000000004 /* Release */ = {
			isa = XCBuildConfiguration;
			buildSettings = {
				ARCHS = (
					arm64,
					x86_64,
				);
				ASSETCATALOG_COMPILER_APPICON_NAME = LinkScope;
				CODE_SIGN_ENTITLEMENTS = Apps/LinkScope/LinkScope.entitlements;
				CODE_SIGN_STYLE = Automatic;
				COMBINE_HIDPI_IMAGES = YES;
				DEVELOPMENT_TEAM = WBU2AFY549;
				ENABLE_HARDENED_RUNTIME = YES;
				GENERATE_INFOPLIST_FILE = YES;
				INFOPLIST_KEY_CFBundleDisplayName = LinkScope;
				INFOPLIST_KEY_LSApplicationCategoryType = "public.app-category.utilities";
				INFOPLIST_KEY_NSBluetoothAlwaysUsageDescription = "LinkScope reads Bluetooth accessory state and parameters without controlling the accessory.";
				PRODUCT_BUNDLE_IDENTIFIER = cc.jasonstu.linkscope;
				PRODUCT_NAME = "$(TARGET_NAME)";
				SWIFT_ACTIVE_COMPILATION_CONDITIONS = "$(inherited) LINKSCOPE_FULL";
				SWIFT_EMIT_LOC_STRINGS = YES;
				SWIFT_STRICT_CONCURRENCY = complete;
			};
			name = Release;
		};
		AA0000000000000000000005 /* Debug */ = {
			isa = XCBuildConfiguration;
			buildSettings = {
				ASSETCATALOG_COMPILER_APPICON_NAME = LinkScope;
				CODE_SIGN_ENTITLEMENTS = Apps/LinkScopeLite/LinkScopeLite.entitlements;
				CODE_SIGN_IDENTITY = "Apple Development";
				CODE_SIGN_STYLE = Automatic;
				COMBINE_HIDPI_IMAGES = YES;
				DEVELOPMENT_TEAM = WBU2AFY549;
				ENABLE_HARDENED_RUNTIME = YES;
				GENERATE_INFOPLIST_FILE = YES;
				INFOPLIST_KEY_CFBundleDisplayName = "LinkScope Lite DEBUG";
				INFOPLIST_KEY_LSApplicationCategoryType = "public.app-category.utilities";
				INFOPLIST_KEY_NSBluetoothAlwaysUsageDescription = "LinkScope Lite reads Bluetooth accessory state and parameters without controlling the accessory.";
				PRODUCT_BUNDLE_IDENTIFIER = cc.jasonstu.linkscope.lite;
				PRODUCT_NAME = "$(TARGET_NAME)";
				SWIFT_ACTIVE_COMPILATION_CONDITIONS = "$(inherited) LINKSCOPE_LITE";
				SWIFT_EMIT_LOC_STRINGS = YES;
				SWIFT_STRICT_CONCURRENCY = complete;
			};
			name = Debug;
		};
		AA0000000000000000000006 /* Release */ = {
			isa = XCBuildConfiguration;
			buildSettings = {
				ARCHS = (
					arm64,
					x86_64,
				);
				ASSETCATALOG_COMPILER_APPICON_NAME = LinkScope;
				CODE_SIGN_ENTITLEMENTS = Apps/LinkScopeLite/LinkScopeLite.entitlements;
				CODE_SIGN_STYLE = Automatic;
				COMBINE_HIDPI_IMAGES = YES;
				DEVELOPMENT_TEAM = WBU2AFY549;
				ENABLE_HARDENED_RUNTIME = YES;
				GENERATE_INFOPLIST_FILE = YES;
				INFOPLIST_KEY_CFBundleDisplayName = "LinkScope Lite";
				INFOPLIST_KEY_LSApplicationCategoryType = "public.app-category.utilities";
				INFOPLIST_KEY_NSBluetoothAlwaysUsageDescription = "LinkScope Lite reads Bluetooth accessory state and parameters without controlling the accessory.";
				PRODUCT_BUNDLE_IDENTIFIER = cc.jasonstu.linkscope.lite;
				PRODUCT_NAME = "$(TARGET_NAME)";
				SWIFT_ACTIVE_COMPILATION_CONDITIONS = "$(inherited) LINKSCOPE_LITE";
				SWIFT_EMIT_LOC_STRINGS = YES;
				SWIFT_STRICT_CONCURRENCY = complete;
			};
			name = Release;
		};
/* End XCBuildConfiguration section */

/* Begin XCConfigurationList section */
		A90000000000000000000001 /* Build configuration list for PBXProject "LinkScope" */ = {
			isa = XCConfigurationList;
			buildConfigurations = (
				AA0000000000000000000001 /* Debug */,
				AA0000000000000000000002 /* Release */,
			);
			defaultConfigurationIsVisible = 0;
			defaultConfigurationName = Debug;
		};
		A90000000000000000000002 /* Build configuration list for PBXNativeTarget "LinkScope" */ = {
			isa = XCConfigurationList;
			buildConfigurations = (
				AA0000000000000000000003 /* Debug */,
				AA0000000000000000000004 /* Release */,
			);
			defaultConfigurationIsVisible = 0;
			defaultConfigurationName = Debug;
		};
		A90000000000000000000003 /* Build configuration list for PBXNativeTarget "LinkScope Lite" */ = {
			isa = XCConfigurationList;
			buildConfigurations = (
				AA0000000000000000000005 /* Debug */,
				AA0000000000000000000006 /* Release */,
			);
			defaultConfigurationIsVisible = 0;
			defaultConfigurationName = Debug;
		};
/* End XCConfigurationList section */

/* Begin XCLocalSwiftPackageReference section */
		AB0000000000000000000001 /* XCLocalSwiftPackageReference "Packages/LinkScopeKit" */ = {
			isa = XCLocalSwiftPackageReference;
			relativePath = Packages/LinkScopeKit;
		};
/* End XCLocalSwiftPackageReference section */

/* Begin XCSwiftPackageProductDependency section */
		A80000000000000000000001 /* LinkScopeCore */ = {
			isa = XCSwiftPackageProductDependency;
			package = AB0000000000000000000001 /* XCLocalSwiftPackageReference "Packages/LinkScopeKit" */;
			productName = LinkScopeCore;
		};
		A80000000000000000000002 /* LinkScopeUI */ = {
			isa = XCSwiftPackageProductDependency;
			package = AB0000000000000000000001 /* XCLocalSwiftPackageReference "Packages/LinkScopeKit" */;
			productName = LinkScopeUI;
		};
		A80000000000000000000003 /* LinkScopeCore */ = {
			isa = XCSwiftPackageProductDependency;
			package = AB0000000000000000000001 /* XCLocalSwiftPackageReference "Packages/LinkScopeKit" */;
			productName = LinkScopeCore;
		};
		A80000000000000000000004 /* LinkScopeUI */ = {
			isa = XCSwiftPackageProductDependency;
			package = AB0000000000000000000001 /* XCLocalSwiftPackageReference "Packages/LinkScopeKit" */;
			productName = LinkScopeUI;
		};
/* End XCSwiftPackageProductDependency section */
	};
	rootObject = A00000000000000000000001 /* Project object */;
}
